// !$*UTF8*$!
{
	archiveVersion = 1;
	classes = {
	};
	objectVersion = 46;
	objects = {

/* Begin PBXBuildFile section */
		2F40324B1A683B9600DBB511 /* main.m in Sources */ = {isa = PBXBuildFile; fileRef = 2F40324A1A683B9600DBB511 /* main.m */; };
		2F40324E1A683B9600DBB511 /* AppDelegate.m in Sources */ = {isa = PBXBuildFile; fileRef = 2F40324D1A683B9600DBB511 /* AppDelegate.m */; };
		2F4032511A683B9600DBB511 /* MetalViewController.m in Sources */ = {isa = PBXBuildFile; fileRef = 2F4032501A683B9600DBB511 /* MetalViewController.m */; };
		2F4032541A683B9600DBB511 /* Main.storyboard in Resources */ = {isa = PBXBuildFile; fileRef = 2F4032521A683B9600DBB511 /* Main.storyboard */; };
		2F4032561A683B9600DBB511 /* Images.xcassets in Resources */ = {isa = PBXBuildFile; fileRef = 2F4032551A683B9600DBB511 /* Images.xcassets */; };
		2F4032591A683B9600DBB511 /* LaunchScreen.xib in Resources */ = {isa = PBXBuildFile; fileRef = 2F4032571A683B9600DBB511 /* LaunchScreen.xib */; };
		2F40326F1A683BEF00DBB511 /* QuartzCore.framework in Frameworks */ = {isa = PBXBuildFile; fileRef = 2F40326E1A683BEF00DBB511 /* QuartzCore.framework */; };
		2F4032711A683BF800DBB511 /* Metal.framework in Frameworks */ = {isa = PBXBuildFile; fileRef = 2F4032701A683BF800DBB511 /* Metal.framework */; };
		2F4032741A683FC900DBB511 /* MetalView.m in Sources */ = {isa = PBXBuildFile; fileRef = 2F4032731A683FC900DBB511 /* MetalView.m */; };
		2F4032771A6C8C4300DBB511 /* Quad.mm in Sources */ = {isa = PBXBuildFile; fileRef = 2F4032761A6C8C4300DBB511 /* Quad.mm */; };
		994202D31A686EC6003D80F5 /* Renderer.mm in Sources */ = {isa = PBXBuildFile; fileRef = 994202D21A686EC6003D80F5 /* Renderer.mm */; };
		994202D81A6EBC5F003D80F5 /* Transforms.mm in Sources */ = {isa = PBXBuildFile; fileRef = 994202D71A6EBC5F003D80F5 /* Transforms.mm */; };
		994202DB1A6EFCA0003D80F5 /* processTexturedQuad.metal in Sources */ = {isa = PBXBuildFile; fileRef = 994202DA1A6EFCA0003D80F5 /* processTexturedQuad.metal */; };
		99D118301A7BFD1500983CB4 /* MultiPassMandel.metal in Sources */ = {isa = PBXBuildFile; fileRef = 99D1182F1A7BFD1500983CB4 /* MultiPassMandel.metal */; };
		99D261D31A7AC5DF00D8D5AA /* Mandelbrot.mm in Sources */ = {isa = PBXBuildFile; fileRef = 99D261D21A7AC5DF00D8D5AA /* Mandelbrot.mm */; };
/* End PBXBuildFile section */

/* Begin PBXFileReference section */
		2F4032451A683B9600DBB511 /* ComputeMetal.app */ = {isa = PBXFileReference; explicitFileType = wrapper.application; includeInIndex = 0; path = ComputeMetal.app; sourceTree = BUILT_PRODUCTS_DIR; };
		2F4032491A683B9600DBB511 /* Info.plist */ = {isa = PBXFileReference; lastKnownFileType = text.plist.xml; path = Info.plist; sourceTree = "<group>"; };
		2F40324A1A683B9600DBB511 /* main.m */ = {isa = PBXFileReference; lastKnownFileType = sourcecode.c.objc; path = main.m; sourceTree = "<group>"; };
		2F40324C1A683B9600DBB511 /* AppDelegate.h */ = {isa = PBXFileReference; lastKnownFileType = sourcecode.c.h; path = AppDelegate.h; sourceTree = "<group>"; };
		2F40324D1A683B9600DBB511 /* AppDelegate.m */ = {isa = PBXFileReference; lastKnownFileType = sourcecode.c.objc; path = AppDelegate.m; sourceTree = "<group>"; };
		2F40324F1A683B9600DBB511 /* MetalViewController.h */ = {isa = PBXFileReference; lastKnownFileType = sourcecode.c.h; path = MetalViewController.h; sourceTree = "<group>"; };
		2F4032501A683B9600DBB511 /* MetalViewController.m */ = {isa = PBXFileReference; lastKnownFileType = sourcecode.c.objc; path = MetalViewController.m; sourceTree = "<group>"; };
		2F4032531A683B9600DBB511 /* Base */ = {isa = PBXFileReference; lastKnownFileType = file.storyboard; name = Base; path = Base.lproj/Main.storyboard; sourceTree = "<group>"; };
		2F4032551A683B9600DBB511 /* Images.xcassets */ = {isa = PBXFileReference; lastKnownFileType = folder.assetcatalog; path = Images.xcassets; sourceTree = "<group>"; };
		2F4032581A683B9600DBB511 /* Base */ = {isa = PBXFileReference; lastKnownFileType = file.xib; name = Base; path = Base.lproj/LaunchScreen.xib; sourceTree = "<group>"; };
		2F4032631A683B9600DBB511 /* Info.plist */ = {isa = PBXFileReference; lastKnownFileType = text.plist.xml; path = Info.plist; sourceTree = "<group>"; };
		2F4032641A683B9600DBB511 /* ComputeMetalTests.m */ = {isa = PBXFileReference; lastKnownFileType = sourcecode.c.objc; path = ComputeMetalTests.m; sourceTree = "<group>"; };
		2F40326E1A683BEF00DBB511 /* QuartzCore.framework */ = {isa = PBXFileReference; lastKnownFileType = wrapper.framework; name = QuartzCore.framework; path = System/Library/Frameworks/QuartzCore.framework; sourceTree = SDKROOT; };
		2F4032701A683BF800DBB511 /* Metal.framework */ = {isa = PBXFileReference; lastKnownFileType = wrapper.framework; name = Metal.framework; path = System/Library/Frameworks/Metal.framework; sourceTree = SDKROOT; };
		2F4032721A683FC900DBB511 /* MetalView.h */ = {isa = PBXFileReference; fileEncoding = 4; lastKnownFileType = sourcecode.c.h; path = MetalView.h; sourceTree = "<group>"; };
		2F4032731A683FC900DBB511 /* MetalView.m */ = {isa = PBXFileReference; fileEncoding = 4; lastKnownFileType = sourcecode.c.objc; path = MetalView.m; sourceTree = "<group>"; };
		2F4032751A6C8C4300DBB511 /* Quad.h */ = {isa = PBXFileReference; fileEncoding = 4; lastKnownFileType = sourcecode.c.h; path = Quad.h; sourceTree = "<group>"; };
		2F4032761A6C8C4300DBB511 /* Quad.mm */ = {isa = PBXFileReference; fileEncoding = 4; lastKnownFileType = sourcecode.cpp.objcpp; path = Quad.mm; sourceTree = "<group>"; };
		994202D11A686EC6003D80F5 /* Renderer.h */ = {isa = PBXFileReference; fileEncoding = 4; lastKnownFileType = sourcecode.c.h; path = Renderer.h; sourceTree = "<group>"; };
		994202D21A686EC6003D80F5 /* Renderer.mm */ = {isa = PBXFileReference; fileEncoding = 4; lastKnownFileType = sourcecode.cpp.objcpp; path = Renderer.mm; sourceTree = "<group>"; };
		994202D71A6EBC5F003D80F5 /* Transforms.mm */ = {isa = PBXFileReference; fileEncoding = 4; lastKnownFileType = sourcecode.cpp.objcpp; name = Transforms.mm; path = ../Transforms.mm; sourceTree = "<group>"; };
		994202D91A6EBC9E003D80F5 /* Transforms.h */ = {isa = PBXFileReference; lastKnownFileType = sourcecode.c.h; name = Transforms.h; path = ../Transforms.h; sourceTree = "<group>"; };
		994202DA1A6EFCA0003D80F5 /* processTexturedQuad.metal */ = {isa = PBXFileReference; fileEncoding = 4; lastKnownFileType = sourcecode.metal; path = processTexturedQuad.metal; sourceTree = "<group>"; };
		99D1182E1A7B01B400983CB4 /* Utilities.h */ = {isa = PBXFileReference; lastKnownFileType = sourcecode.c.h; path = Utilities.h; sourceTree = "<group>"; };
		99D1182F1A7BFD1500983CB4 /* MultiPassMandel.metal */ = {isa = PBXFileReference; fileEncoding = 4; lastKnownFileType = sourcecode.metal; path = MultiPassMandel.metal; sourceTree = "<group>"; };
		99D261D01A77073D00D8D5AA /* Common.h */ = {isa = PBXFileReference; lastKnownFileType = sourcecode.c.h; path = Common.h; sourceTree = "<group>"; };
		99D261D11A7AC5DF00D8D5AA /* Mandelbrot.h */ = {isa = PBXFileReference; fileEncoding = 4; lastKnownFileType = sourcecode.c.h; path = Mandelbrot.h; sourceTree = "<group>"; };
		99D261D21A7AC5DF00D8D5AA /* Mandelbrot.mm */ = {isa = PBXFileReference; fileEncoding = 4; lastKnownFileType = sourcecode.cpp.objcpp; path = Mandelbrot.mm; sourceTree = "<group>"; };
/* End PBXFileReference section */

/* Begin PBXFrameworksBuildPhase section */
		2F4032421A683B9600DBB511 /* Frameworks */ = {
			isa = PBXFrameworksBuildPhase;
			buildActionMask = 2147483647;
			files = (
				2F4032711A683BF800DBB511 /* Metal.framework in Frameworks */,
				2F40326F1A683BEF00DBB511 /* QuartzCore.framework in Frameworks */,
			);
			runOnlyForDeploymentPostprocessing = 0;
		};
/* End PBXFrameworksBuildPhase section */

/* Begin PBXGroup section */
		2F40323C1A683B9600DBB511 = {
			isa = PBXGroup;
			children = (
				2F4032701A683BF800DBB511 /* Metal.framework */,
				2F40326E1A683BEF00DBB511 /* QuartzCore.framework */,
				2F4032471A683B9600DBB511 /* ComputeMetal */,
				2F4032611A683B9600DBB511 /* ComputeMetalTests */,
				2F4032461A683B9600DBB511 /* Products */,
			);
			sourceTree = "<group>";
		};
		2F4032461A683B9600DBB511 /* Products */ = {
			isa = PBXGroup;
			children = (
				2F4032451A683B9600DBB511 /* ComputeMetal.app */,
			);
			name = Products;
			sourceTree = "<group>";
		};
		2F4032471A683B9600DBB511 /* ComputeMetal */ = {
			isa = PBXGroup;
			children = (
				2F40324C1A683B9600DBB511 /* AppDelegate.h */,
				2F40324D1A683B9600DBB511 /* AppDelegate.m */,
				2F4032551A683B9600DBB511 /* Images.xcassets */,
				2F4032571A683B9600DBB511 /* LaunchScreen.xib */,
				2F4032521A683B9600DBB511 /* Main.storyboard */,
				2F4032721A683FC900DBB511 /* MetalView.h */,
				2F4032731A683FC900DBB511 /* MetalView.m */,
				2F40324F1A683B9600DBB511 /* MetalViewController.h */,
				2F4032501A683B9600DBB511 /* MetalViewController.m */,
				2F4032751A6C8C4300DBB511 /* Quad.h */,
				2F4032761A6C8C4300DBB511 /* Quad.mm */,
				994202D11A686EC6003D80F5 /* Renderer.h */,
				994202D21A686EC6003D80F5 /* Renderer.mm */,
				99D1182F1A7BFD1500983CB4 /* MultiPassMandel.metal */,
				2F4032481A683B9600DBB511 /* Supporting Files */,
				994202D91A6EBC9E003D80F5 /* Transforms.h */,
				994202D71A6EBC5F003D80F5 /* Transforms.mm */,
				994202DA1A6EFCA0003D80F5 /* processTexturedQuad.metal */,
				99D261D01A77073D00D8D5AA /* Common.h */,
				99D261D11A7AC5DF00D8D5AA /* Mandelbrot.h */,
				99D1182E1A7B01B400983CB4 /* Utilities.h */,
				99D261D21A7AC5DF00D8D5AA /* Mandelbrot.mm */,
			);
			path = ComputeMetal;
			sourceTree = "<group>";
		};
		2F4032481A683B9600DBB511 /* Supporting Files */ = {
			isa = PBXGroup;
			children = (
				2F4032491A683B9600DBB511 /* Info.plist */,
				2F40324A1A683B9600DBB511 /* main.m */,
			);
			name = "Supporting Files";
			sourceTree = "<group>";
		};
		2F4032611A683B9600DBB511 /* ComputeMetalTests */ = {
			isa = PBXGroup;
			children = (
				2F4032641A683B9600DBB511 /* ComputeMetalTests.m */,
				2F4032621A683B9600DBB511 /* Supporting Files */,
			);
			path = ComputeMetalTests;
			sourceTree = "<group>";
		};
		2F4032621A683B9600DBB511 /* Supporting Files */ = {
			isa = PBXGroup;
			children = (
				2F4032631A683B9600DBB511 /* Info.plist */,
			);
			name = "Supporting Files";
			sourceTree = "<group>";
		};
/* End PBXGroup section */

/* Begin PBXNativeTarget section */
		2F4032441A683B9600DBB511 /* ComputeMetal */ = {
			isa = PBXNativeTarget;
			buildConfigurationList = 2F4032681A683B9600DBB511 /* Build configuration list for PBXNativeTarget "ComputeMetal" */;
			buildPhases = (
				2F4032411A683B9600DBB511 /* Sources */,
				2F4032421A683B9600DBB511 /* Frameworks */,
				2F4032431A683B9600DBB511 /* Resources */,
			);
			buildRules = (
			);
			dependencies = (
			);
			name = ComputeMetal;
			productName = ComputeMetal;
			productReference = 2F4032451A683B9600DBB511 /* ComputeMetal.app */;
			productType = "com.apple.product-type.application";
		};
/* End PBXNativeTarget section */

/* Begin PBXProject section */
		2F40323D1A683B9600DBB511 /* Project object */ = {
			isa = PBXProject;
			attributes = {
				LastUpgradeCheck = 0610;
				ORGANIZATIONNAME = "Michael Davidson";
				TargetAttributes = {
					2F4032441A683B9600DBB511 = {
						CreatedOnToolsVersion = 6.1.1;
						DevelopmentTeam = 95KCNPSBS5;
					};
				};
			};
			buildConfigurationList = 2F4032401A683B9600DBB511 /* Build configuration list for PBXProject "ComputeMetal" */;
			compatibilityVersion = "Xcode 3.2";
			developmentRegion = English;
			hasScannedForEncodings = 0;
			knownRegions = (
				en,
				Base,
			);
			mainGroup = 2F40323C1A683B9600DBB511;
			productRefGroup = 2F4032461A683B9600DBB511 /* Products */;
			projectDirPath = "";
			projectRoot = "";
			targets = (
				2F4032441A683B9600DBB511 /* ComputeMetal */,
			);
		};
/* End PBXProject section */

/* Begin PBXResourcesBuildPhase section */
		2F4032431A683B9600DBB511 /* Resources */ = {
			isa = PBXResourcesBuildPhase;
			buildActionMask = 2147483647;
			files = (
				2F4032541A683B9600DBB511 /* Main.storyboard in Resources */,
				2F4032591A683B9600DBB511 /* LaunchScreen.xib in Resources */,
				2F4032561A683B9600DBB511 /* Images.xcassets in Resources */,
			);
			runOnlyForDeploymentPostprocessing = 0;
		};
/* End PBXResourcesBuildPhase section */

/* Begin PBXSourcesBuildPhase section */
		2F4032411A683B9600DBB511 /* Sources */ = {
			isa = PBXSourcesBuildPhase;
			buildActionMask = 2147483647;
			files = (
				2F4032771A6C8C4300DBB511 /* Quad.mm in Sources */,
				99D261D31A7AC5DF00D8D5AA /* Mandelbrot.mm in Sources */,
				994202DB1A6EFCA0003D80F5 /* processTexturedQuad.metal in Sources */,
				994202D81A6EBC5F003D80F5 /* Transforms.mm in Sources */,
				2F4032741A683FC900DBB511 /* MetalView.m in Sources */,
				99D118301A7BFD1500983CB4 /* MultiPassMandel.metal in Sources */,
				2F4032511A683B9600DBB511 /* MetalViewController.m in Sources */,
				2F40324E1A683B9600DBB511 /* AppDelegate.m in Sources */,
				994202D31A686EC6003D80F5 /* Renderer.mm in Sources */,
				2F40324B1A683B9600DBB511 /* main.m in Sources */,
			);
			runOnlyForDeploymentPostprocessing = 0;
		};
/* End PBXSourcesBuildPhase section */

/* Begin PBXVariantGroup section */
		2F4032521A683B9600DBB511 /* Main.storyboard */ = {
			isa = PBXVariantGroup;
			children = (
				2F4032531A683B9600DBB511 /* Base */,
			);
			name = Main.storyboard;
			sourceTree = "<group>";
		};
		2F4032571A683B9600DBB511 /* LaunchScreen.xib */ = {
			isa = PBXVariantGroup;
			children = (
				2F4032581A683B9600DBB511 /* Base */,
			);
			name = LaunchScreen.xib;
			sourceTree = "<group>";
		};
/* End PBXVariantGroup section */

/* Begin XCBuildConfiguration section */
		2F4032661A683B9600DBB511 /* Debug */ = {
			isa = XCBuildConfiguration;
			buildSettings = {
				ALWAYS_SEARCH_USER_PATHS = NO;
				CLANG_CXX_LANGUAGE_STANDARD = "c++0x";
				CLANG_CXX_LIBRARY = "libc++";
				CLANG_ENABLE_MODULES = YES;
				CLANG_ENABLE_OBJC_ARC = YES;
				CLANG_WARN_BOOL_CONVERSION = YES;
				CLANG_WARN_CONSTANT_CONVERSION = YES;
				CLANG_WARN_DIRECT_OBJC_ISA_USAGE = YES_ERROR;
				CLANG_WARN_EMPTY_BODY = YES;
				CLANG_WARN_ENUM_CONVERSION = YES;
				CLANG_WARN_INT_CONVERSION = YES;
				CLANG_WARN_OBJC_ROOT_CLASS = YES_ERROR;
				CLANG_WARN_UNREACHABLE_CODE = YES;
				CLANG_WARN__DUPLICATE_METHOD_MATCH = YES;
				CLANG_X86_VECTOR_INSTRUCTIONS = default;
				"CODE_SIGN_IDENTITY[sdk=iphoneos*]" = "iPhone Developer";
				COPY_PHASE_STRIP = NO;
				ENABLE_STRICT_OBJC_MSGSEND = YES;
				GCC_C_LANGUAGE_STANDARD = c11;
				GCC_DYNAMIC_NO_PIC = NO;
				GCC_OPTIMIZATION_LEVEL = 0;
				GCC_PREPROCESSOR_DEFINITIONS = (
					"DEBUG=1",
					"$(inherited)",
				);
				GCC_SYMBOLS_PRIVATE_EXTERN = NO;
				GCC_WARN_64_TO_32_BIT_CONVERSION = YES;
				GCC_WARN_ABOUT_RETURN_TYPE = YES_ERROR;
				GCC_WARN_UNDECLARED_SELECTOR = YES;
				GCC_WARN_UNINITIALIZED_AUTOS = YES_AGGRESSIVE;
				GCC_WARN_UNUSED_FUNCTION = YES;
				GCC_WARN_UNUSED_VARIABLE = YES;
				IPHONEOS_DEPLOYMENT_TARGET = 8.1;
				MTL_ENABLE_DEBUG_INFO = YES;
				ONLY_ACTIVE_ARCH = YES;
				SDKROOT = iphoneos;
				TARGETED_DEVICE_FAMILY = "1,2";
			};
			name = Debug;
		};
		2F4032671A683B9600DBB511 /* Release */ = {
			isa = XCBuildConfiguration;
			buildSettings = {
				ALWAYS_SEARCH_USER_PATHS = NO;
				CLANG_CXX_LANGUAGE_STANDARD = "c++0x";
				CLANG_CXX_LIBRARY = "libc++";
				CLANG_ENABLE_MODULES = YES;
				CLANG_ENABLE_OBJC_ARC = YES;
				CLANG_WARN_BOOL_CONVERSION = YES;
				CLANG_WARN_CONSTANT_CONVERSION = YES;
				CLANG_WARN_DIRECT_OBJC_ISA_USAGE = YES_ERROR;
				CLANG_WARN_EMPTY_BODY = YES;
				CLANG_WARN_ENUM_CONVERSION = YES;
				CLANG_WARN_INT_CONVERSION = YES;
				CLANG_WARN_OBJC_ROOT_CLASS = YES_ERROR;
				CLANG_WARN_UNREACHABLE_CODE = YES;
				CLANG_WARN__DUPLICATE_METHOD_MATCH = YES;
				CLANG_X86_VECTOR_INSTRUCTIONS = default;
				"CODE_SIGN_IDENTITY[sdk=iphoneos*]" = "iPhone Developer";
				COPY_PHASE_STRIP = YES;
				ENABLE_NS_ASSERTIONS = NO;
				ENABLE_STRICT_OBJC_MSGSEND = YES;
				GCC_C_LANGUAGE_STANDARD = c11;
				GCC_WARN_64_TO_32_BIT_CONVERSION = YES;
				GCC_WARN_ABOUT_RETURN_TYPE = YES_ERROR;
				GCC_WARN_UNDECLARED_SELECTOR = YES;
				GCC_WARN_UNINITIALIZED_AUTOS = YES_AGGRESSIVE;
				GCC_WARN_UNUSED_FUNCTION = YES;
				GCC_WARN_UNUSED_VARIABLE = YES;
				IPHONEOS_DEPLOYMENT_TARGET = 8.1;
				MTL_ENABLE_DEBUG_INFO = NO;
				SDKROOT = iphoneos;
				TARGETED_DEVICE_FAMILY = "1,2";
				VALIDATE_PRODUCT = YES;
			};
			name = Release;
		};
		2F4032691A683B9600DBB511 /* Debug */ = {
			isa = XCBuildConfiguration;
			buildSettings = {
				ASSETCATALOG_COMPILER_APPICON_NAME = AppIcon;
				ASSETCATALOG_COMPILER_LAUNCHIMAGE_NAME = LaunchImage;
				CODE_SIGN_IDENTITY = "iPhone Developer";
				"CODE_SIGN_IDENTITY[sdk=iphoneos*]" = "iPhone Developer";
				INFOPLIST_FILE = ComputeMetal/Info.plist;
				LD_RUNPATH_SEARCH_PATHS = "$(inherited) @executable_path/Frameworks";
				PRODUCT_NAME = "$(TARGET_NAME)";
				PROVISIONING_PROFILE = "";
			};
			name = Debug;
		};
		2F40326A1A683B9600DBB511 /* Release */ = {
			isa = XCBuildConfiguration;
			buildSettings = {
				ASSETCATALOG_COMPILER_APPICON_NAME = AppIcon;
				ASSETCATALOG_COMPILER_LAUNCHIMAGE_NAME = LaunchImage;
				CODE_SIGN_IDENTITY = "iPhone Developer";
				"CODE_SIGN_IDENTITY[sdk=iphoneos*]" = "iPhone Developer";
				INFOPLIST_FILE = ComputeMetal/Info.plist;
				LD_RUNPATH_SEARCH_PATHS = "$(inherited) @executable_path/Frameworks";
				PRODUCT_NAME = "$(TARGET_NAME)";
				PROVISIONING_PROFILE = "";
			};
			name = Release;
		};
/* End XCBuildConfiguration section */

/* Begin XCConfigurationList section */
		2F4032401A683B9600DBB511 /* Build configuration list for PBXProject "ComputeMetal" */ = {
			isa = XCConfigurationList;
			buildConfigurations = (
				2F4032661A683B9600DBB511 /* Debug */,
				2F4032671A683B9600DBB511 /* Release */,
			);
			defaultConfigurationIsVisible = 0;
			defaultConfigurationName = Release;
		};
		2F4032681A683B9600DBB511 /* Build configuration list for PBXNativeTarget "ComputeMetal" */ = {
			isa = XCConfigurationList;
			buildConfigurations = (
				2F4032691A683B9600DBB511 /* Debug */,
				2F40326A1A683B9600DBB511 /* Release */,
			);
			defaultConfigurationIsVisible = 0;
			defaultConfigurationName = Release;
		};
/* End XCConfigurationList section */
	};
	rootObject = 2F40323D1A683B9600DBB511 /* Project object */;
}
